Microsoft Visual Studio Solution File, Format Version 12.00
# Visual Studio Version 17
VisualStudioVersion = 17.0.32112.339
MinimumVisualStudioVersion = 10.0.40219.1
Project("{9A19103F-16F7-4668-BE54-9A1E7A4F7556}") = "Parbat.Core.API", "Parbat.Core.API\Parbat.Core.API.csproj", "{260315A2-68EB-4C72-836A-854997DC202A}"
EndProject
Project("{9A19103F-16F7-4668-BE54-9A1E7A4F7556}") = "Parbat.Core.DataObjects", "Parbat.Core.DataObjects\Parbat.Core.DataObjects.csproj", "{5480AEDF-A656-44D5-A968-8CC8CF2C8E92}"
EndProject
Project("{9A19103F-16F7-4668-BE54-9A1E7A4F7556}") = "Parbat.Core.Services", "Parbat.Core.Services\Parbat.Core.Services.csproj", "{09360B08-0D01-4FF7-84E9-2627FEE7C953}"
EndProject
Project("{9A19103F-16F7-4668-BE54-9A1E7A4F7556}") = "Parbat.Core.BaseRepository", "Parbat.Core.BaseRepository\Parbat.Core.BaseRepository.csproj", "{90BE0CC8-2E16-451B-8D23-81B180DCDEA2}"
EndProject
Project("{9A19103F-16F7-4668-BE54-9A1E7A4F7556}") = "Parbat.Core.FakeRepository", "Parbat.Core.FakeRepository\Parbat.Core.FakeRepository.csproj", "{12E1A8AD-5805-42D2-A371-4C2472BDE551}"
EndProject
Project("{9A19103F-16F7-4668-BE54-9A1E7A4F7556}") = "Parbat.Core.DBRepository", "Parbat.Core.DBRepository\Parbat.Core.DBRepository.csproj", "{82B1F764-CD16-4AA3-B5C7-0A1E74FE04B1}"
EndProject
Project("{9A19103F-16F7-4668-BE54-9A1E7A4F7556}") = "Parbat.Data", "Parbat.Data\Parbat.Data.csproj", "{64ED7ACC-E6F7-49F6-8B72-687694D7149C}"
EndProject
Project("{FAE04EC0-301F-11D3-BF4B-00C04F79EFBC}") = "Parbat.Core.Web", "Parbat.Core.Web\Parbat.Core.Web.csproj", "{89167E43-91CD-4A9A-9B5C-70527F8814F1}"
EndProject
Global
	GlobalSection(SolutionConfigurationPlatforms) = preSolution
		Debug|Any CPU = Debug|Any CPU
		Release|Any CPU = Release|Any CPU
	EndGlobalSection
	GlobalSection(ProjectConfigurationPlatforms) = postSolution
		{260315A2-68EB-4C72-836A-854997DC202A}.Debug|Any CPU.ActiveCfg = Debug|Any CPU
		{260315A2-68EB-4C72-836A-854997DC202A}.Debug|Any CPU.Build.0 = Debug|Any CPU
		{260315A2-68EB-4C72-836A-854997DC202A}.Release|Any CPU.ActiveCfg = Release|Any CPU
		{260315A2-68EB-4C72-836A-854997DC202A}.Release|Any CPU.Build.0 = Release|Any CPU
		{5480AEDF-A656-44D5-A968-8CC8CF2C8E92}.Debug|Any CPU.ActiveCfg = Debug|Any CPU
		{5480AEDF-A656-44D5-A968-8CC8CF2C8E92}.Debug|Any CPU.Build.0 = Debug|Any CPU
		{5480AEDF-A656-44D5-A968-8CC8CF2C8E92}.Release|Any CPU.ActiveCfg = Release|Any CPU
		{5480AEDF-A656-44D5-A968-8CC8CF2C8E92}.Release|Any CPU.Build.0 = Release|Any CPU
		{09360B08-0D01-4FF7-84E9-2627FEE7C953}.Debug|Any CPU.ActiveCfg = Debug|Any CPU
		{09360B08-0D01-4FF7-84E9-2627FEE7C953}.Debug|Any CPU.Build.0 = Debug|Any CPU
		{09360B08-0D01-4FF7-84E9-2627FEE7C953}.Release|Any CPU.ActiveCfg = Release|Any CPU
		{09360B08-0D01-4FF7-84E9-2627FEE7C953}.Release|Any CPU.Build.0 = Release|Any CPU
		{90BE0CC8-2E16-451B-8D23-81B180DCDEA2}.Debug|Any CPU.ActiveCfg = Debug|Any CPU
		{90BE0CC8-2E16-451B-8D23-81B180DCDEA2}.Debug|Any CPU.Build.0 = Debug|Any CPU
		{90BE0CC8-2E16-451B-8D23-81B180DCDEA2}.Release|Any CPU.ActiveCfg = Release|Any CPU
		{90BE0CC8-2E16-451B-8D23-81B180DCDEA2}.Release|Any CPU.Build.0 = Release|Any CPU
		{12E1A8AD-5805-42D2-A371-4C2472BDE551}.Debug|Any CPU.ActiveCfg = Debug|Any CPU
		{12E1A8AD-5805-42D2-A371-4C2472BDE551}.Debug|Any CPU.Build.0 = Debug|Any CPU
		{12E1A8AD-5805-42D2-A371-4C2472BDE551}.Release|Any CPU.ActiveCfg = Release|Any CPU
		{12E1A8AD-5805-42D2-A371-4C2472BDE551}.Release|Any CPU.Build.0 = Release|Any CPU
		{82B1F764-CD16-4AA3-B5C7-0A1E74FE04B1}.Debug|Any CPU.ActiveCfg = Debug|Any CPU
		{82B1F764-CD16-4AA3-B5C7-0A1E74FE04B1}.Debug|Any CPU.Build.0 = Debug|Any CPU
		{82B1F764-CD16-4AA3-B5C7-0A1E74FE04B1}.Release|Any CPU.ActiveCfg = Release|Any CPU
		{82B1F764-CD16-4AA3-B5C7-0A1E74FE04B1}.Release|Any CPU.Build.0 = Release|Any CPU
		{64ED7ACC-E6F7-49F6-8B72-687694D7149C}.Debug|Any CPU.ActiveCfg = Debug|Any CPU
		{64ED7ACC-E6F7-49F6-8B72-687694D7149C}.Debug|Any CPU.Build.0 = Debug|Any CPU
		{64ED7ACC-E6F7-49F6-8B72-687694D7149C}.Release|Any CPU.ActiveCfg = Release|Any CPU
		{64ED7ACC-E6F7-49F6-8B72-687694D7149C}.Release|Any CPU.Build.0 = Release|Any CPU
		{89167E43-91CD-4A9A-9B5C-70527F8814F1}.Debug|Any CPU.ActiveCfg = Debug|Any CPU
		{89167E43-91CD-4A9A-9B5C-70527F8814F1}.Debug|Any CPU.Build.0 = Debug|Any CPU
		{89167E43-91CD-4A9A-9B5C-70527F8814F1}.Release|Any CPU.ActiveCfg = Release|Any CPU
		{89167E43-91CD-4A9A-9B5C-70527F8814F1}.Release|Any CPU.Build.0 = Release|Any CPU
	EndGlobalSection
	GlobalSection(SolutionProperties) = preSolution
		HideSolutionNode = FALSE
	EndGlobalSection
	GlobalSection(ExtensibilityGlobals) = postSolution
		SolutionGuid = {A4D951BD-B181-4381-9B39-51FB5081DEFB}
	EndGlobalSection
EndGlobal
